
Microsoft Visual Studio Solution File, Format Version 12.00
# Visual Studio Version 16
VisualStudioVersion = 16.0.32106.194
MinimumVisualStudioVersion = 10.0.40219.1
Project("{FAE04EC0-301F-11D3-BF4B-00C04F79EFBC}") = "Day3", "Day3.csproj", "{BDEB942B-F2C2-43D6-8B31-07156C03368C}"
EndProject
Global
	GlobalSection(SolutionConfigurationPlatforms) = preSolution
		Debug|Any CPU = Debug|Any CPU
		Release|Any CPU = Release|Any CPU
	EndGlobalSection
	GlobalSection(ProjectConfigurationPlatforms) = postSolution
		{BDEB942B-F2C2-43D6-8B31-07156C03368C}.Debug|Any CPU.ActiveCfg = Debug|Any CPU
		{BDEB942B-F2C2-43D6-8B31-07156C03368C}.Debug|Any CPU.Build.0 = Debug|Any CPU
		{BDEB942B-F2C2-43D6-8B31-07156C03368C}.Release|Any CPU.ActiveCfg = Release|Any CPU
		{BDEB942B-F2C2-43D6-8B31-07156C03368C}.Release|Any CPU.Build.0 = Release|Any CPU
	EndGlobalSection
	GlobalSection(SolutionProperties) = preSolution
		HideSolutionNode = FALSE
	EndGlobalSection
	GlobalSection(ExtensibilityGlobals) = postSolution
		SolutionGuid = {D72638E7-32EC-4105-85FC-442A6DAF9E4F}
	EndGlobalSection
EndGlobal
